{
  "name": "bo7-cdl-bot",
  "lockfileVersion": 3,
  "requires": true,
  "packages": {
    "": {
      "name": "bo7-cdl-bot",
      "version": "1.0.0",
      "dependencies": {
        "discord.js": "^14.14.1",
        "dotenv": "^16.4.5",
        "pg": "^8.11.5"
      }
    }
  },
  "dependencies": {
    "discord.js": {
      "version": "14.14.1",
      "resolved": "https://registry.npmjs.org/discord.js/-/discord.js-14.14.1.tgz",
      "integrity": "sha512-/dummy-integrity-hash"
    },
    "dotenv": {
      "version": "16.4.5",
      "resolved": "https://registry.npmjs.org/dotenv/-/dotenv-16.4.5.tgz",
      "integrity": "sha512-/dummy-integrity-hash"
    },
    "pg": {
      "version": "8.11.5",
      "resolved": "https://registry.npmjs.org/pg/-/pg-8.11.5.tgz",
      "integrity": "sha512-/dummy-integrity-hash"
    }
  }
}
