{
  "name": "bo7-cdl-bot",
  "version": "1.0.0",
  "lockfileVersion": 3,
  "requires": true,
  "packages": {
    "": {
      "name": "bo7-cdl-bot",
      "version": "1.0.0",
      "dependencies": {
        "discord.js": "^14.14.1",
        "dotenv": "^16.4.5",
        "pg": "^8.11.5"
      },
      "engines": {
        "node": ">=20"
      }
    },

    "node_modules/discord.js": {
      "version": "14.14.1",
      "resolved": "https://registry.npmjs.org/discord.js/-/discord.js-14.14.1.tgz",
      "integrity": "sha512-xxxxxxxxxxxxxxxxxxxxxxxxxxxxxxxxxxxxxxxxxxx",
      "dependencies": {
        "@discordjs/builders": "^1.7.0",
        "@discordjs/collection": "^2.0.0",
        "@discordjs/rest": "^2.2.0",
        "@discordjs/util": "^1.0.0",
        "@discordjs/ws": "^1.0.0",
        "@sapphire/snowflake": "^3.5.1",
        "undici": "^5.27.2"
      },
      "engines": {
        "node": ">=16.11.0"
      }
    },

    "node_modules/dotenv": {
      "version": "16.4.5",
      "resolved": "https://registry.npmjs.org/dotenv/-/dotenv-16.4.5.tgz",
      "integrity": "sha512-xxxxxxxxxxxxxxxxxxxxxxxxxxxxxxxxxxxxxxxxxxx",
      "engines": {
        "node": ">=12"
      }
    },

    "node_modules/pg": {
      "version": "8.11.5",
      "resolved": "https://registry.npmjs.org/pg/-/pg-8.11.5.tgz",
      "integrity": "sha512-xxxxxxxxxxxxxxxxxxxxxxxxxxxxxxxxxxxxxxxxxxx",
      "dependencies": {
        "buffer-writer": "2.0.0",
        "packet-reader": "1.0.0",
        "pg-connection-string": "^2.6.2",
        "pg-pool": "^3.6.2",
        "pg-protocol": "^1.6.0",
        "pg-types": "^2.2.0",
        "pgpass": "1.0.5"
      },
      "engines": {
        "node": ">=10.0.0"
      }
    }
  }
}

